
Microsoft Visual Studio Solution File, Format Version 12.00
# Visual Studio Version 17
VisualStudioVersion = 17.11.35208.52
MinimumVisualStudioVersion = 10.0.40219.1
Project("{FAE04EC0-301F-11D3-BF4B-00C04F79EFBC}") = "HomeWork3.1", "HomeWork3\HomeWork3.1.csproj", "{C82097E3-95CB-49AC-866C-D309AFF135FD}"
EndProject
Project("{FAE04EC0-301F-11D3-BF4B-00C04F79EFBC}") = "HomeWork3.2", "HomeWork 3.2\HomeWork3.2.csproj", "{0B9AEA7C-1963-4E96-9D40-8EF33A68DFE0}"
EndProject
Project("{FAE04EC0-301F-11D3-BF4B-00C04F79EFBC}") = "HomeWork3.3", "HomeWork3.3\HomeWork3.3.csproj", "{A1D64A47-3EA3-4CC1-A74E-567DDB72D855}"
EndProject
Project("{FAE04EC0-301F-11D3-BF4B-00C04F79EFBC}") = "HomeWork3.4", "HomeWork3.4\HomeWork3.4.csproj", "{38B4CFFC-F6FD-47C8-89B5-E56870507AC6}"
EndProject
Project("{FAE04EC0-301F-11D3-BF4B-00C04F79EFBC}") = "HomeWork3.5", "HomeWork3.5\HomeWork3.5.csproj", "{82C7FAF3-7A73-42F5-8D95-76717D61C3D2}"
EndProject
Global
	GlobalSection(SolutionConfigurationPlatforms) = preSolution
		Debug|Any CPU = Debug|Any CPU
		Release|Any CPU = Release|Any CPU
	EndGlobalSection
	GlobalSection(ProjectConfigurationPlatforms) = postSolution
		{C82097E3-95CB-49AC-866C-D309AFF135FD}.Debug|Any CPU.ActiveCfg = Debug|Any CPU
		{C82097E3-95CB-49AC-866C-D309AFF135FD}.Debug|Any CPU.Build.0 = Debug|Any CPU
		{C82097E3-95CB-49AC-866C-D309AFF135FD}.Release|Any CPU.ActiveCfg = Release|Any CPU
		{C82097E3-95CB-49AC-866C-D309AFF135FD}.Release|Any CPU.Build.0 = Release|Any CPU
		{0B9AEA7C-1963-4E96-9D40-8EF33A68DFE0}.Debug|Any CPU.ActiveCfg = Debug|Any CPU
		{0B9AEA7C-1963-4E96-9D40-8EF33A68DFE0}.Debug|Any CPU.Build.0 = Debug|Any CPU
		{0B9AEA7C-1963-4E96-9D40-8EF33A68DFE0}.Release|Any CPU.ActiveCfg = Release|Any CPU
		{0B9AEA7C-1963-4E96-9D40-8EF33A68DFE0}.Release|Any CPU.Build.0 = Release|Any CPU
		{A1D64A47-3EA3-4CC1-A74E-567DDB72D855}.Debug|Any CPU.ActiveCfg = Debug|Any CPU
		{A1D64A47-3EA3-4CC1-A74E-567DDB72D855}.Debug|Any CPU.Build.0 = Debug|Any CPU
		{A1D64A47-3EA3-4CC1-A74E-567DDB72D855}.Release|Any CPU.ActiveCfg = Release|Any CPU
		{A1D64A47-3EA3-4CC1-A74E-567DDB72D855}.Release|Any CPU.Build.0 = Release|Any CPU
		{38B4CFFC-F6FD-47C8-89B5-E56870507AC6}.Debug|Any CPU.ActiveCfg = Debug|Any CPU
		{38B4CFFC-F6FD-47C8-89B5-E56870507AC6}.Debug|Any CPU.Build.0 = Debug|Any CPU
		{38B4CFFC-F6FD-47C8-89B5-E56870507AC6}.Release|Any CPU.ActiveCfg = Release|Any CPU
		{38B4CFFC-F6FD-47C8-89B5-E56870507AC6}.Release|Any CPU.Build.0 = Release|Any CPU
		{82C7FAF3-7A73-42F5-8D95-76717D61C3D2}.Debug|Any CPU.ActiveCfg = Debug|Any CPU
		{82C7FAF3-7A73-42F5-8D95-76717D61C3D2}.Debug|Any CPU.Build.0 = Debug|Any CPU
		{82C7FAF3-7A73-42F5-8D95-76717D61C3D2}.Release|Any CPU.ActiveCfg = Release|Any CPU
		{82C7FAF3-7A73-42F5-8D95-76717D61C3D2}.Release|Any CPU.Build.0 = Release|Any CPU
	EndGlobalSection
	GlobalSection(SolutionProperties) = preSolution
		HideSolutionNode = FALSE
	EndGlobalSection
	GlobalSection(ExtensibilityGlobals) = postSolution
		SolutionGuid = {AC5A3DE2-D715-4542-B024-EF6D41908CDD}
	EndGlobalSection
EndGlobal
